
Microsoft Visual Studio Solution File, Format Version 12.00
# Visual Studio Version 16
VisualStudioVersion = 16.0.30509.190
MinimumVisualStudioVersion = 10.0.40219.1
Project("{FAE04EC0-301F-11D3-BF4B-00C04F79EFBC}") = "Core_Api_Auth_App", "Core_Api_Auth_App\Core_Api_Auth_App.csproj", "{F697141D-64AB-4A50-B7DA-4E64D7E0DA0A}"
EndProject
Global
	GlobalSection(SolutionConfigurationPlatforms) = preSolution
		Debug|Any CPU = Debug|Any CPU
		Release|Any CPU = Release|Any CPU
	EndGlobalSection
	GlobalSection(ProjectConfigurationPlatforms) = postSolution
		{F697141D-64AB-4A50-B7DA-4E64D7E0DA0A}.Debug|Any CPU.ActiveCfg = Debug|Any CPU
		{F697141D-64AB-4A50-B7DA-4E64D7E0DA0A}.Debug|Any CPU.Build.0 = Debug|Any CPU
		{F697141D-64AB-4A50-B7DA-4E64D7E0DA0A}.Release|Any CPU.ActiveCfg = Release|Any CPU
		{F697141D-64AB-4A50-B7DA-4E64D7E0DA0A}.Release|Any CPU.Build.0 = Release|Any CPU
	EndGlobalSection
	GlobalSection(SolutionProperties) = preSolution
		HideSolutionNode = FALSE
	EndGlobalSection
	GlobalSection(ExtensibilityGlobals) = postSolution
		SolutionGuid = {70354A4E-F9D7-4FA8-9851-A9B1C8CEAEAE}
	EndGlobalSection
EndGlobal
